
Microsoft Visual Studio Solution File, Format Version 12.00
# Visual Studio 2012
Project("{FAE04EC0-301F-11D3-BF4B-00C04F79EFBC}") = "Erpi.UnitTest.Demo", "Erpi.UnitTest.Demo\Erpi.UnitTest.Demo.csproj", "{9CA20A0E-88B3-47E2-A47B-EA1ACD51F7E5}"
EndProject
Project("{FAE04EC0-301F-11D3-BF4B-00C04F79EFBC}") = "Erpi.UnitTest.Demo.Refactored", "Erpi.UnitTest.Demo.Refactored\Erpi.UnitTest.Demo.Refactored.csproj", "{00D7091F-CB33-4246-B5FF-6BD5D8A7956A}"
EndProject
Project("{FAE04EC0-301F-11D3-BF4B-00C04F79EFBC}") = "Erpi.UnitTest.Demo.Refactored.Tests", "Erpi.UnitTest.Demo.Refactored.Tests\Erpi.UnitTest.Demo.Refactored.Tests.csproj", "{5A79EE5D-4EFB-4BC4-8E1E-480E5556C1B4}"
EndProject
Project("{2150E333-8FDC-42A3-9474-1A3956D46DE8}") = ".nuget", ".nuget", "{EEB62A32-C7FD-44B4-9526-6457FBC3E783}"
	ProjectSection(SolutionItems) = preProject
		.nuget\packages.config = .nuget\packages.config
	EndProjectSection
EndProject
Global
	GlobalSection(SolutionConfigurationPlatforms) = preSolution
		Debug|Any CPU = Debug|Any CPU
		Release|Any CPU = Release|Any CPU
	EndGlobalSection
	GlobalSection(ProjectConfigurationPlatforms) = postSolution
		{9CA20A0E-88B3-47E2-A47B-EA1ACD51F7E5}.Debug|Any CPU.ActiveCfg = Debug|Any CPU
		{9CA20A0E-88B3-47E2-A47B-EA1ACD51F7E5}.Debug|Any CPU.Build.0 = Debug|Any CPU
		{9CA20A0E-88B3-47E2-A47B-EA1ACD51F7E5}.Release|Any CPU.ActiveCfg = Release|Any CPU
		{9CA20A0E-88B3-47E2-A47B-EA1ACD51F7E5}.Release|Any CPU.Build.0 = Release|Any CPU
		{00D7091F-CB33-4246-B5FF-6BD5D8A7956A}.Debug|Any CPU.ActiveCfg = Debug|Any CPU
		{00D7091F-CB33-4246-B5FF-6BD5D8A7956A}.Debug|Any CPU.Build.0 = Debug|Any CPU
		{00D7091F-CB33-4246-B5FF-6BD5D8A7956A}.Release|Any CPU.ActiveCfg = Release|Any CPU
		{00D7091F-CB33-4246-B5FF-6BD5D8A7956A}.Release|Any CPU.Build.0 = Release|Any CPU
		{5A79EE5D-4EFB-4BC4-8E1E-480E5556C1B4}.Debug|Any CPU.ActiveCfg = Debug|Any CPU
		{5A79EE5D-4EFB-4BC4-8E1E-480E5556C1B4}.Debug|Any CPU.Build.0 = Debug|Any CPU
		{5A79EE5D-4EFB-4BC4-8E1E-480E5556C1B4}.Release|Any CPU.ActiveCfg = Release|Any CPU
		{5A79EE5D-4EFB-4BC4-8E1E-480E5556C1B4}.Release|Any CPU.Build.0 = Release|Any CPU
	EndGlobalSection
	GlobalSection(SolutionProperties) = preSolution
		HideSolutionNode = FALSE
	EndGlobalSection
EndGlobal
